
Microsoft Visual Studio Solution File, Format Version 12.00
# Visual Studio 15
VisualStudioVersion = 15.0.28010.2041
MinimumVisualStudioVersion = 10.0.40219.1
Project("{FAE04EC0-301F-11D3-BF4B-00C04F79EFBC}") = "Bisection method", "Bisection method\Bisection method.csproj", "{ADE387B1-BD3A-43A2-98B1-D9EB21F25C7C}"
EndProject
Project("{FAE04EC0-301F-11D3-BF4B-00C04F79EFBC}") = "Classical Newton method", "Сlassical Newton method\Classical Newton method.csproj", "{0D815D34-B360-4467-97E1-22B43222D8C1}"
EndProject
Project("{FAE04EC0-301F-11D3-BF4B-00C04F79EFBC}") = "Simplified Newton method", "Simplified Newton method\Simplified Newton method.csproj", "{71B25AED-39B9-4372-AB55-50E3C814239C}"
EndProject
Project("{FAE04EC0-301F-11D3-BF4B-00C04F79EFBC}") = "Steffensen method", "Steffensen method\Steffensen method.csproj", "{BABEEE6D-B01F-4B22-BD02-EDAC80FDCF9E}"
EndProject
Project("{FAE04EC0-301F-11D3-BF4B-00C04F79EFBC}") = "Chord method", "Chord method\Chord method.csproj", "{B8FDAD91-7A45-488A-92DB-410D75DA07C1}"
EndProject
Project("{FAE04EC0-301F-11D3-BF4B-00C04F79EFBC}") = "Aitken method", "Aitken method\Aitken method.csproj", "{C349C130-8832-4AC9-99CE-3F1D96A53105}"
EndProject
Project("{FAE04EC0-301F-11D3-BF4B-00C04F79EFBC}") = "Fixed Point Iteration method", "Fixed Point Iteration method\Fixed Point Iteration method.csproj", "{1A949B59-265A-4332-80D8-3329FE5CE864}"
EndProject
Global
	GlobalSection(SolutionConfigurationPlatforms) = preSolution
		Debug|Any CPU = Debug|Any CPU
		Release|Any CPU = Release|Any CPU
	EndGlobalSection
	GlobalSection(ProjectConfigurationPlatforms) = postSolution
		{ADE387B1-BD3A-43A2-98B1-D9EB21F25C7C}.Debug|Any CPU.ActiveCfg = Debug|Any CPU
		{ADE387B1-BD3A-43A2-98B1-D9EB21F25C7C}.Debug|Any CPU.Build.0 = Debug|Any CPU
		{ADE387B1-BD3A-43A2-98B1-D9EB21F25C7C}.Release|Any CPU.ActiveCfg = Release|Any CPU
		{ADE387B1-BD3A-43A2-98B1-D9EB21F25C7C}.Release|Any CPU.Build.0 = Release|Any CPU
		{0D815D34-B360-4467-97E1-22B43222D8C1}.Debug|Any CPU.ActiveCfg = Debug|Any CPU
		{0D815D34-B360-4467-97E1-22B43222D8C1}.Debug|Any CPU.Build.0 = Debug|Any CPU
		{0D815D34-B360-4467-97E1-22B43222D8C1}.Release|Any CPU.ActiveCfg = Release|Any CPU
		{0D815D34-B360-4467-97E1-22B43222D8C1}.Release|Any CPU.Build.0 = Release|Any CPU
		{71B25AED-39B9-4372-AB55-50E3C814239C}.Debug|Any CPU.ActiveCfg = Debug|Any CPU
		{71B25AED-39B9-4372-AB55-50E3C814239C}.Debug|Any CPU.Build.0 = Debug|Any CPU
		{71B25AED-39B9-4372-AB55-50E3C814239C}.Release|Any CPU.ActiveCfg = Release|Any CPU
		{71B25AED-39B9-4372-AB55-50E3C814239C}.Release|Any CPU.Build.0 = Release|Any CPU
		{BABEEE6D-B01F-4B22-BD02-EDAC80FDCF9E}.Debug|Any CPU.ActiveCfg = Debug|Any CPU
		{BABEEE6D-B01F-4B22-BD02-EDAC80FDCF9E}.Debug|Any CPU.Build.0 = Debug|Any CPU
		{BABEEE6D-B01F-4B22-BD02-EDAC80FDCF9E}.Release|Any CPU.ActiveCfg = Release|Any CPU
		{BABEEE6D-B01F-4B22-BD02-EDAC80FDCF9E}.Release|Any CPU.Build.0 = Release|Any CPU
		{B8FDAD91-7A45-488A-92DB-410D75DA07C1}.Debug|Any CPU.ActiveCfg = Debug|Any CPU
		{B8FDAD91-7A45-488A-92DB-410D75DA07C1}.Debug|Any CPU.Build.0 = Debug|Any CPU
		{B8FDAD91-7A45-488A-92DB-410D75DA07C1}.Release|Any CPU.ActiveCfg = Release|Any CPU
		{B8FDAD91-7A45-488A-92DB-410D75DA07C1}.Release|Any CPU.Build.0 = Release|Any CPU
		{C349C130-8832-4AC9-99CE-3F1D96A53105}.Debug|Any CPU.ActiveCfg = Debug|Any CPU
		{C349C130-8832-4AC9-99CE-3F1D96A53105}.Debug|Any CPU.Build.0 = Debug|Any CPU
		{C349C130-8832-4AC9-99CE-3F1D96A53105}.Release|Any CPU.ActiveCfg = Release|Any CPU
		{C349C130-8832-4AC9-99CE-3F1D96A53105}.Release|Any CPU.Build.0 = Release|Any CPU
		{1A949B59-265A-4332-80D8-3329FE5CE864}.Debug|Any CPU.ActiveCfg = Debug|Any CPU
		{1A949B59-265A-4332-80D8-3329FE5CE864}.Debug|Any CPU.Build.0 = Debug|Any CPU
		{1A949B59-265A-4332-80D8-3329FE5CE864}.Release|Any CPU.ActiveCfg = Release|Any CPU
		{1A949B59-265A-4332-80D8-3329FE5CE864}.Release|Any CPU.Build.0 = Release|Any CPU
	EndGlobalSection
	GlobalSection(SolutionProperties) = preSolution
		HideSolutionNode = FALSE
	EndGlobalSection
	GlobalSection(ExtensibilityGlobals) = postSolution
		SolutionGuid = {286EA7A6-EEB2-4017-9090-0E6456181D8F}
	EndGlobalSection
EndGlobal
