
Microsoft Visual Studio Solution File, Format Version 12.00
# Visual Studio 15
VisualStudioVersion = 15.0.28010.2041
MinimumVisualStudioVersion = 10.0.40219.1
Project("{FAE04EC0-301F-11D3-BF4B-00C04F79EFBC}") = "Bisection method", "Bisection method\Bisection method.csproj", "{ADE387B1-BD3A-43A2-98B1-D9EB21F25C7C}"
EndProject
Project("{FAE04EC0-301F-11D3-BF4B-00C04F79EFBC}") = "Classical Newton method", "Сlassical Newton method\Classical Newton method.csproj", "{0D815D34-B360-4467-97E1-22B43222D8C1}"
EndProject
Project("{FAE04EC0-301F-11D3-BF4B-00C04F79EFBC}") = "Simplified Newton method", "Simplified Newton method\Simplified Newton method.csproj", "{71B25AED-39B9-4372-AB55-50E3C814239C}"
EndProject
Project("{FAE04EC0-301F-11D3-BF4B-00C04F79EFBC}") = "Steffensen method", "Steffensen method\Steffensen method.csproj", "{BABEEE6D-B01F-4B22-BD02-EDAC80FDCF9E}"
EndProject
Project("{FAE04EC0-301F-11D3-BF4B-00C04F79EFBC}") = "Chord method", "Chord method\Chord method.csproj", "{B8FDAD91-7A45-488A-92DB-410D75DA07C1}"
EndProject
Project("{FAE04EC0-301F-11D3-BF4B-00C04F79EFBC}") = "Aitken method", "Aitken method\Aitken method.csproj", "{C349C130-8832-4AC9-99CE-3F1D96A53105}"
EndProject
Project("{FAE04EC0-301F-11D3-BF4B-00C04F79EFBC}") = "Fixed Point Iteration method", "Fixed Point Iteration method\Fixed Point Iteration method.csproj", "{1A949B59-265A-4332-80D8-3329FE5CE864}"
EndProject
Project("{FAE04EC0-301F-11D3-BF4B-00C04F79EFBC}") = "Dandelin Lobachesky Graeffe method", "Dandelin Lobachesky Graeffe method\Dandelin Lobachesky Graeffe method.csproj", "{4791C791-5100-4B31-B078-5C38FE8A9406}"
EndProject
Project("{FAE04EC0-301F-11D3-BF4B-00C04F79EFBC}") = "Newton method for Nonlinear systems", "Newton method for Nonlinear systems\Newton method for Nonlinear systems.csproj", "{BF6ECF4E-AC99-4A74-BD29-5FE543750C65}"
EndProject
Project("{FAE04EC0-301F-11D3-BF4B-00C04F79EFBC}") = "Iterative methods for Systems of Equations", "Iterative methods for Systems of Equations\Iterative methods for Systems of Equations.csproj", "{33DAB44C-4990-404F-A579-62FC50B6706D}"
EndProject
Project("{FAE04EC0-301F-11D3-BF4B-00C04F79EFBC}") = "Newton Forward Divided Difference method", "Newton Forward Divided Difference method\Newton Forward Divided Difference method.csproj", "{B0D8435E-141E-4126-8BF3-E5FE29E8241A}"
EndProject
Project("{FAE04EC0-301F-11D3-BF4B-00C04F79EFBC}") = "Newton Backward Divided Difference method", "Newton Backward Divided Difference method\Newton Backward Divided Difference method.csproj", "{96FC1D53-DA39-4FD5-9695-8615E3144A1F}"
EndProject
Project("{FAE04EC0-301F-11D3-BF4B-00C04F79EFBC}") = "Lagrange Interpolating Polynomial", "Lagrange Interpolating Polynomial\Lagrange Interpolating Polynomial.csproj", "{2912B00C-4D05-46CE-A00F-A6E46E5B283F}"
EndProject
Project("{FAE04EC0-301F-11D3-BF4B-00C04F79EFBC}") = "Aitken Interpolation Algorithm", "Aitken Interpolation Algorithm\Aitken Interpolation Algorithm.csproj", "{CFEBE8EE-AD6A-4A01-B254-B4843C65DD5A}"
EndProject
Global
	GlobalSection(SolutionConfigurationPlatforms) = preSolution
		Debug|Any CPU = Debug|Any CPU
		Release|Any CPU = Release|Any CPU
	EndGlobalSection
	GlobalSection(ProjectConfigurationPlatforms) = postSolution
		{ADE387B1-BD3A-43A2-98B1-D9EB21F25C7C}.Debug|Any CPU.ActiveCfg = Debug|Any CPU
		{ADE387B1-BD3A-43A2-98B1-D9EB21F25C7C}.Debug|Any CPU.Build.0 = Debug|Any CPU
		{ADE387B1-BD3A-43A2-98B1-D9EB21F25C7C}.Release|Any CPU.ActiveCfg = Release|Any CPU
		{ADE387B1-BD3A-43A2-98B1-D9EB21F25C7C}.Release|Any CPU.Build.0 = Release|Any CPU
		{0D815D34-B360-4467-97E1-22B43222D8C1}.Debug|Any CPU.ActiveCfg = Debug|Any CPU
		{0D815D34-B360-4467-97E1-22B43222D8C1}.Debug|Any CPU.Build.0 = Debug|Any CPU
		{0D815D34-B360-4467-97E1-22B43222D8C1}.Release|Any CPU.ActiveCfg = Release|Any CPU
		{0D815D34-B360-4467-97E1-22B43222D8C1}.Release|Any CPU.Build.0 = Release|Any CPU
		{71B25AED-39B9-4372-AB55-50E3C814239C}.Debug|Any CPU.ActiveCfg = Debug|Any CPU
		{71B25AED-39B9-4372-AB55-50E3C814239C}.Debug|Any CPU.Build.0 = Debug|Any CPU
		{71B25AED-39B9-4372-AB55-50E3C814239C}.Release|Any CPU.ActiveCfg = Release|Any CPU
		{71B25AED-39B9-4372-AB55-50E3C814239C}.Release|Any CPU.Build.0 = Release|Any CPU
		{BABEEE6D-B01F-4B22-BD02-EDAC80FDCF9E}.Debug|Any CPU.ActiveCfg = Debug|Any CPU
		{BABEEE6D-B01F-4B22-BD02-EDAC80FDCF9E}.Debug|Any CPU.Build.0 = Debug|Any CPU
		{BABEEE6D-B01F-4B22-BD02-EDAC80FDCF9E}.Release|Any CPU.ActiveCfg = Release|Any CPU
		{BABEEE6D-B01F-4B22-BD02-EDAC80FDCF9E}.Release|Any CPU.Build.0 = Release|Any CPU
		{B8FDAD91-7A45-488A-92DB-410D75DA07C1}.Debug|Any CPU.ActiveCfg = Debug|Any CPU
		{B8FDAD91-7A45-488A-92DB-410D75DA07C1}.Debug|Any CPU.Build.0 = Debug|Any CPU
		{B8FDAD91-7A45-488A-92DB-410D75DA07C1}.Release|Any CPU.ActiveCfg = Release|Any CPU
		{B8FDAD91-7A45-488A-92DB-410D75DA07C1}.Release|Any CPU.Build.0 = Release|Any CPU
		{C349C130-8832-4AC9-99CE-3F1D96A53105}.Debug|Any CPU.ActiveCfg = Debug|Any CPU
		{C349C130-8832-4AC9-99CE-3F1D96A53105}.Debug|Any CPU.Build.0 = Debug|Any CPU
		{C349C130-8832-4AC9-99CE-3F1D96A53105}.Release|Any CPU.ActiveCfg = Release|Any CPU
		{C349C130-8832-4AC9-99CE-3F1D96A53105}.Release|Any CPU.Build.0 = Release|Any CPU
		{1A949B59-265A-4332-80D8-3329FE5CE864}.Debug|Any CPU.ActiveCfg = Debug|Any CPU
		{1A949B59-265A-4332-80D8-3329FE5CE864}.Debug|Any CPU.Build.0 = Debug|Any CPU
		{1A949B59-265A-4332-80D8-3329FE5CE864}.Release|Any CPU.ActiveCfg = Release|Any CPU
		{1A949B59-265A-4332-80D8-3329FE5CE864}.Release|Any CPU.Build.0 = Release|Any CPU
		{4791C791-5100-4B31-B078-5C38FE8A9406}.Debug|Any CPU.ActiveCfg = Debug|Any CPU
		{4791C791-5100-4B31-B078-5C38FE8A9406}.Debug|Any CPU.Build.0 = Debug|Any CPU
		{4791C791-5100-4B31-B078-5C38FE8A9406}.Release|Any CPU.ActiveCfg = Release|Any CPU
		{4791C791-5100-4B31-B078-5C38FE8A9406}.Release|Any CPU.Build.0 = Release|Any CPU
		{BF6ECF4E-AC99-4A74-BD29-5FE543750C65}.Debug|Any CPU.ActiveCfg = Debug|Any CPU
		{BF6ECF4E-AC99-4A74-BD29-5FE543750C65}.Debug|Any CPU.Build.0 = Debug|Any CPU
		{BF6ECF4E-AC99-4A74-BD29-5FE543750C65}.Release|Any CPU.ActiveCfg = Release|Any CPU
		{BF6ECF4E-AC99-4A74-BD29-5FE543750C65}.Release|Any CPU.Build.0 = Release|Any CPU
		{33DAB44C-4990-404F-A579-62FC50B6706D}.Debug|Any CPU.ActiveCfg = Debug|Any CPU
		{33DAB44C-4990-404F-A579-62FC50B6706D}.Debug|Any CPU.Build.0 = Debug|Any CPU
		{33DAB44C-4990-404F-A579-62FC50B6706D}.Release|Any CPU.ActiveCfg = Release|Any CPU
		{33DAB44C-4990-404F-A579-62FC50B6706D}.Release|Any CPU.Build.0 = Release|Any CPU
		{B0D8435E-141E-4126-8BF3-E5FE29E8241A}.Debug|Any CPU.ActiveCfg = Debug|Any CPU
		{B0D8435E-141E-4126-8BF3-E5FE29E8241A}.Debug|Any CPU.Build.0 = Debug|Any CPU
		{B0D8435E-141E-4126-8BF3-E5FE29E8241A}.Release|Any CPU.ActiveCfg = Release|Any CPU
		{B0D8435E-141E-4126-8BF3-E5FE29E8241A}.Release|Any CPU.Build.0 = Release|Any CPU
		{96FC1D53-DA39-4FD5-9695-8615E3144A1F}.Debug|Any CPU.ActiveCfg = Debug|Any CPU
		{96FC1D53-DA39-4FD5-9695-8615E3144A1F}.Debug|Any CPU.Build.0 = Debug|Any CPU
		{96FC1D53-DA39-4FD5-9695-8615E3144A1F}.Release|Any CPU.ActiveCfg = Release|Any CPU
		{96FC1D53-DA39-4FD5-9695-8615E3144A1F}.Release|Any CPU.Build.0 = Release|Any CPU
		{2912B00C-4D05-46CE-A00F-A6E46E5B283F}.Debug|Any CPU.ActiveCfg = Debug|Any CPU
		{2912B00C-4D05-46CE-A00F-A6E46E5B283F}.Debug|Any CPU.Build.0 = Debug|Any CPU
		{2912B00C-4D05-46CE-A00F-A6E46E5B283F}.Release|Any CPU.ActiveCfg = Release|Any CPU
		{2912B00C-4D05-46CE-A00F-A6E46E5B283F}.Release|Any CPU.Build.0 = Release|Any CPU
		{CFEBE8EE-AD6A-4A01-B254-B4843C65DD5A}.Debug|Any CPU.ActiveCfg = Debug|Any CPU
		{CFEBE8EE-AD6A-4A01-B254-B4843C65DD5A}.Debug|Any CPU.Build.0 = Debug|Any CPU
		{CFEBE8EE-AD6A-4A01-B254-B4843C65DD5A}.Release|Any CPU.ActiveCfg = Release|Any CPU
		{CFEBE8EE-AD6A-4A01-B254-B4843C65DD5A}.Release|Any CPU.Build.0 = Release|Any CPU
	EndGlobalSection
	GlobalSection(SolutionProperties) = preSolution
		HideSolutionNode = FALSE
	EndGlobalSection
	GlobalSection(ExtensibilityGlobals) = postSolution
		SolutionGuid = {286EA7A6-EEB2-4017-9090-0E6456181D8F}
	EndGlobalSection
EndGlobal
